// !$*UTF8*$!
{
	archiveVersion = 1;
	classes = {
	};
	objectVersion = 77;
	objects = {

/* Begin PBXBuildFile section */
		65E62E6F2E526B75003C6DE9 /* Constants.swift in Sources */ = {isa = PBXBuildFile; fileRef = 65E62E6E2E526B75003C6DE9 /* Constants.swift */; };
		65E62E762E526BAE003C6DE9 /* IntermediateProducts.swift in Sources */ = {isa = PBXBuildFile; fileRef = 65E62E752E526BAE003C6DE9 /* IntermediateProducts.swift */; };
		65E62E782E526BD1003C6DE9 /* PortRow.swift in Sources */ = {isa = PBXBuildFile; fileRef = 65E62E772E526BD1003C6DE9 /* PortRow.swift */; };
		65E62E7A2E526C01003C6DE9 /* IconComponents.swift in Sources */ = {isa = PBXBuildFile; fileRef = 65E62E792E526C01003C6DE9 /* IconComponents.swift */; };
		65E62E7E2E526C25003C6DE9 /* Tooltip.swift in Sources */ = {isa = PBXBuildFile; fileRef = 65E62E7D2E526C25003C6DE9 /* Tooltip.swift */; };
		65E62E822E526C3B003C6DE9 /* WireRendering.swift in Sources */ = {isa = PBXBuildFile; fileRef = 65E62E812E526C3B003C6DE9 /* WireRendering.swift */; };
		65E62E862E526C56003C6DE9 /* GeneralRecipePicker.swift in Sources */ = {isa = PBXBuildFile; fileRef = 65E62E852E526C56003C6DE9 /* GeneralRecipePicker.swift */; };
		65E62E8A2E526C85003C6DE9 /* RecipePortPicker.swift in Sources */ = {isa = PBXBuildFile; fileRef = 65E62E892E526C85003C6DE9 /* RecipePortPicker.swift */; };
		65E62E8E2E526C96003C6DE9 /* UtilityView.swift in Sources */ = {isa = PBXBuildFile; fileRef = 65E62E8D2E526C96003C6DE9 /* UtilityView.swift */; };
		65E62E902E526CA9003C6DE9 /* ModuleSystem.swift in Sources */ = {isa = PBXBuildFile; fileRef = 65E62E8F2E526CA9003C6DE9 /* ModuleSystem.swift */; };
		65E62E922E526CC7003C6DE9 /* MachineTierSystem.swift in Sources */ = {isa = PBXBuildFile; fileRef = 65E62E912E526CC7003C6DE9 /* MachineTierSystem.swift */; };
		65E62E962E526CE1003C6DE9 /* MachinePreferences.swift in Sources */ = {isa = PBXBuildFile; fileRef = 65E62E952E526CE1003C6DE9 /* MachinePreferences.swift */; };
		65E62E982E526CF6003C6DE9 /* MachineTiersData.swift in Sources */ = {isa = PBXBuildFile; fileRef = 65E62E972E526CF6003C6DE9 /* MachineTiersData.swift */; };
		65E62E9A2E526D12003C6DE9 /* AvailableModules.swift in Sources */ = {isa = PBXBuildFile; fileRef = 65E62E992E526D12003C6DE9 /* AvailableModules.swift */; };
		65E62E9C2E526D1E003C6DE9 /* RecipeModel.swift in Sources */ = {isa = PBXBuildFile; fileRef = 65E62E9B2E526D1E003C6DE9 /* RecipeModel.swift */; };
		65E62E9E2E526D44003C6DE9 /* RecipesData.swift in Sources */ = {isa = PBXBuildFile; fileRef = 65E62E9D2E526D44003C6DE9 /* RecipesData.swift */; };
		65E62EA02E526D5D003C6DE9 /* IconAssets.swift in Sources */ = {isa = PBXBuildFile; fileRef = 65E62E9F2E526D5D003C6DE9 /* IconAssets.swift */; };
		65E62EA22E526D87003C6DE9 /* ItemMappings.swift in Sources */ = {isa = PBXBuildFile; fileRef = 65E62EA12E526D87003C6DE9 /* ItemMappings.swift */; };
		65E62EA42E526D9B003C6DE9 /* NodeModel.swift in Sources */ = {isa = PBXBuildFile; fileRef = 65E62EA32E526D9B003C6DE9 /* NodeModel.swift */; };
		65E62EA62E526DA9003C6DE9 /* EdgeModel.swift in Sources */ = {isa = PBXBuildFile; fileRef = 65E62EA52E526DA9003C6DE9 /* EdgeModel.swift */; };
		65E62EA82E526DB4003C6DE9 /* PortKey.swift in Sources */ = {isa = PBXBuildFile; fileRef = 65E62EA72E526DB4003C6DE9 /* PortKey.swift */; };
		65E62EAB2E526DE8003C6DE9 /* HelperFunctions.swift in Sources */ = {isa = PBXBuildFile; fileRef = 65E62EAA2E526DE8003C6DE9 /* HelperFunctions.swift */; };
		65E62EAE2E526E68003C6DE9 /* GraphState.swift in Sources */ = {isa = PBXBuildFile; fileRef = 65E62EAD2E526E68003C6DE9 /* GraphState.swift */; };
		65E62EB22E526E77003C6DE9 /* AutoSave.swift in Sources */ = {isa = PBXBuildFile; fileRef = 65E62EB12E526E77003C6DE9 /* AutoSave.swift */; };
		65E62EB42E526E86003C6DE9 /* NodeManagement.swift in Sources */ = {isa = PBXBuildFile; fileRef = 65E62EB32E526E86003C6DE9 /* NodeManagement.swift */; };
		65E62EB62E526E96003C6DE9 /* FlowComputation.swift in Sources */ = {isa = PBXBuildFile; fileRef = 65E62EB52E526E96003C6DE9 /* FlowComputation.swift */; };
		65E62EB82E526EA6003C6DE9 /* SelectionandClipboard.swift in Sources */ = {isa = PBXBuildFile; fileRef = 65E62EB72E526EA6003C6DE9 /* SelectionandClipboard.swift */; };
		65E62EBA2E526EB6003C6DE9 /* ManualSaveLoad.swift in Sources */ = {isa = PBXBuildFile; fileRef = 65E62EB92E526EB6003C6DE9 /* ManualSaveLoad.swift */; };
		65E62EBE2E526ECB003C6DE9 /* ImportExport.swift in Sources */ = {isa = PBXBuildFile; fileRef = 65E62EBD2E526ECB003C6DE9 /* ImportExport.swift */; };
		65E62EC02E526EDC003C6DE9 /* SelectionOverlay.swift in Sources */ = {isa = PBXBuildFile; fileRef = 65E62EBF2E526EDC003C6DE9 /* SelectionOverlay.swift */; };
		65E62EC22E526EF1003C6DE9 /* SupportingTypes.swift in Sources */ = {isa = PBXBuildFile; fileRef = 65E62EC12E526EF1003C6DE9 /* SupportingTypes.swift */; };
		65E62EC42E526F02003C6DE9 /* PlannerRoot.swift in Sources */ = {isa = PBXBuildFile; fileRef = 65E62EC32E526F02003C6DE9 /* PlannerRoot.swift */; };
		65E62EC82E526F11003C6DE9 /* TopBar.swift in Sources */ = {isa = PBXBuildFile; fileRef = 65E62EC72E526F11003C6DE9 /* TopBar.swift */; };
		65E62ECA2E526F24003C6DE9 /* CanvasView.swift in Sources */ = {isa = PBXBuildFile; fileRef = 65E62EC92E526F24003C6DE9 /* CanvasView.swift */; };
		65E62ECC2E526F41003C6DE9 /* ScrollWheelHandler.swift in Sources */ = {isa = PBXBuildFile; fileRef = 65E62ECB2E526F41003C6DE9 /* ScrollWheelHandler.swift */; };
		65E62ED02E526F65003C6DE9 /* SimpleMouseTracker.swift in Sources */ = {isa = PBXBuildFile; fileRef = 65E62ECF2E526F65003C6DE9 /* SimpleMouseTracker.swift */; };
		65E62ED22E526F79003C6DE9 /* NodeCardComponent.swift in Sources */ = {isa = PBXBuildFile; fileRef = 65E62ED12E526F79003C6DE9 /* NodeCardComponent.swift */; };
		65E62ED62E526F89003C6DE9 /* MachineIconComponent.swift in Sources */ = {isa = PBXBuildFile; fileRef = 65E62ED52E526F89003C6DE9 /* MachineIconComponent.swift */; };
		65E62ED82E526FAA003C6DE9 /* ModuleUIComponents.swift in Sources */ = {isa = PBXBuildFile; fileRef = 65E62ED72E526FAA003C6DE9 /* ModuleUIComponents.swift */; };
		65E62EDA2E526FBF003C6DE9 /* ModulePickerComponent.swift in Sources */ = {isa = PBXBuildFile; fileRef = 65E62ED92E526FBF003C6DE9 /* ModulePickerComponent.swift */; };
		65E62EDE2E5275C0003C6DE9 /* Optimizer.swift in Sources */ = {isa = PBXBuildFile; fileRef = 65E62EDD2E5275C0003C6DE9 /* Optimizer.swift */; };
		65E62EE02E5275DB003C6DE9 /* StatisticsDashboardView.swift in Sources */ = {isa = PBXBuildFile; fileRef = 65E62EDF2E5275DB003C6DE9 /* StatisticsDashboardView.swift */; };
		65E62EE22E5275F9003C6DE9 /* KeyboardShortcuts.swift in Sources */ = {isa = PBXBuildFile; fileRef = 65E62EE12E5275F9003C6DE9 /* KeyboardShortcuts.swift */; };
		65E62EE42E527731003C6DE9 /* NodeCard.swift in Sources */ = {isa = PBXBuildFile; fileRef = 65E62EE32E527731003C6DE9 /* NodeCard.swift */; };
		65E62EE62E52962D003C6DE9 /* FactorioPlannerApp.swift in Sources */ = {isa = PBXBuildFile; fileRef = 65E62EE52E52962D003C6DE9 /* FactorioPlannerApp.swift */; };
/* End PBXBuildFile section */

/* Begin PBXContainerItemProxy section */
		65CB441D2E4D44DF001233B7 /* PBXContainerItemProxy */ = {
			isa = PBXContainerItemProxy;
			containerPortal = 65CB44062E4D44DE001233B7 /* Project object */;
			proxyType = 1;
			remoteGlobalIDString = 65CB440D2E4D44DE001233B7;
			remoteInfo = "Factorio Planner";
		};
		65CB44272E4D44DF001233B7 /* PBXContainerItemProxy */ = {
			isa = PBXContainerItemProxy;
			containerPortal = 65CB44062E4D44DE001233B7 /* Project object */;
			proxyType = 1;
			remoteGlobalIDString = 65CB440D2E4D44DE001233B7;
			remoteInfo = "Factorio Planner";
		};
/* End PBXContainerItemProxy section */

/* Begin PBXFileReference section */
		65CB440E2E4D44DE001233B7 /* Factorio Planner.app */ = {isa = PBXFileReference; explicitFileType = wrapper.application; includeInIndex = 0; path = "Factorio Planner.app"; sourceTree = BUILT_PRODUCTS_DIR; };
		65CB441C2E4D44DF001233B7 /* Factorio PlannerTests.xctest */ = {isa = PBXFileReference; explicitFileType = wrapper.cfbundle; includeInIndex = 0; path = "Factorio PlannerTests.xctest"; sourceTree = BUILT_PRODUCTS_DIR; };
		65CB44262E4D44DF001233B7 /* Factorio PlannerUITests.xctest */ = {isa = PBXFileReference; explicitFileType = wrapper.cfbundle; includeInIndex = 0; path = "Factorio PlannerUITests.xctest"; sourceTree = BUILT_PRODUCTS_DIR; };
		65E62E6E2E526B75003C6DE9 /* Constants.swift */ = {isa = PBXFileReference; lastKnownFileType = sourcecode.swift; path = Constants.swift; sourceTree = "<group>"; };
		65E62E752E526BAE003C6DE9 /* IntermediateProducts.swift */ = {isa = PBXFileReference; lastKnownFileType = sourcecode.swift; path = IntermediateProducts.swift; sourceTree = "<group>"; };
		65E62E772E526BD1003C6DE9 /* PortRow.swift */ = {isa = PBXFileReference; lastKnownFileType = sourcecode.swift; path = PortRow.swift; sourceTree = "<group>"; };
		65E62E792E526C01003C6DE9 /* IconComponents.swift */ = {isa = PBXFileReference; lastKnownFileType = sourcecode.swift; path = IconComponents.swift; sourceTree = "<group>"; };
		65E62E7D2E526C25003C6DE9 /* Tooltip.swift */ = {isa = PBXFileReference; lastKnownFileType = sourcecode.swift; path = Tooltip.swift; sourceTree = "<group>"; };
		65E62E812E526C3B003C6DE9 /* WireRendering.swift */ = {isa = PBXFileReference; lastKnownFileType = sourcecode.swift; path = WireRendering.swift; sourceTree = "<group>"; };
		65E62E852E526C56003C6DE9 /* GeneralRecipePicker.swift */ = {isa = PBXFileReference; lastKnownFileType = sourcecode.swift; path = GeneralRecipePicker.swift; sourceTree = "<group>"; };
		65E62E892E526C85003C6DE9 /* RecipePortPicker.swift */ = {isa = PBXFileReference; lastKnownFileType = sourcecode.swift; path = RecipePortPicker.swift; sourceTree = "<group>"; };
		65E62E8D2E526C96003C6DE9 /* UtilityView.swift */ = {isa = PBXFileReference; lastKnownFileType = sourcecode.swift; path = UtilityView.swift; sourceTree = "<group>"; };
		65E62E8F2E526CA9003C6DE9 /* ModuleSystem.swift */ = {isa = PBXFileReference; lastKnownFileType = sourcecode.swift; path = ModuleSystem.swift; sourceTree = "<group>"; };
		65E62E912E526CC7003C6DE9 /* MachineTierSystem.swift */ = {isa = PBXFileReference; lastKnownFileType = sourcecode.swift; path = MachineTierSystem.swift; sourceTree = "<group>"; };
		65E62E952E526CE1003C6DE9 /* MachinePreferences.swift */ = {isa = PBXFileReference; lastKnownFileType = sourcecode.swift; path = MachinePreferences.swift; sourceTree = "<group>"; };
		65E62E972E526CF6003C6DE9 /* MachineTiersData.swift */ = {isa = PBXFileReference; lastKnownFileType = sourcecode.swift; path = MachineTiersData.swift; sourceTree = "<group>"; };
		65E62E992E526D12003C6DE9 /* AvailableModules.swift */ = {isa = PBXFileReference; lastKnownFileType = sourcecode.swift; path = AvailableModules.swift; sourceTree = "<group>"; };
		65E62E9B2E526D1E003C6DE9 /* RecipeModel.swift */ = {isa = PBXFileReference; lastKnownFileType = sourcecode.swift; path = RecipeModel.swift; sourceTree = "<group>"; };
		65E62E9D2E526D44003C6DE9 /* RecipesData.swift */ = {isa = PBXFileReference; lastKnownFileType = sourcecode.swift; path = RecipesData.swift; sourceTree = "<group>"; };
		65E62E9F2E526D5D003C6DE9 /* IconAssets.swift */ = {isa = PBXFileReference; lastKnownFileType = sourcecode.swift; path = IconAssets.swift; sourceTree = "<group>"; };
		65E62EA12E526D87003C6DE9 /* ItemMappings.swift */ = {isa = PBXFileReference; lastKnownFileType = sourcecode.swift; path = ItemMappings.swift; sourceTree = "<group>"; };
		65E62EA32E526D9B003C6DE9 /* NodeModel.swift */ = {isa = PBXFileReference; lastKnownFileType = sourcecode.swift; path = NodeModel.swift; sourceTree = "<group>"; };
		65E62EA52E526DA9003C6DE9 /* EdgeModel.swift */ = {isa = PBXFileReference; lastKnownFileType = sourcecode.swift; path = EdgeModel.swift; sourceTree = "<group>"; };
		65E62EA72E526DB4003C6DE9 /* PortKey.swift */ = {isa = PBXFileReference; lastKnownFileType = sourcecode.swift; path = PortKey.swift; sourceTree = "<group>"; };
		65E62EAA2E526DE8003C6DE9 /* HelperFunctions.swift */ = {isa = PBXFileReference; lastKnownFileType = sourcecode.swift; path = HelperFunctions.swift; sourceTree = "<group>"; };
		65E62EAD2E526E68003C6DE9 /* GraphState.swift */ = {isa = PBXFileReference; lastKnownFileType = sourcecode.swift; path = GraphState.swift; sourceTree = "<group>"; };
		65E62EB12E526E77003C6DE9 /* AutoSave.swift */ = {isa = PBXFileReference; lastKnownFileType = sourcecode.swift; path = AutoSave.swift; sourceTree = "<group>"; };
		65E62EB32E526E86003C6DE9 /* NodeManagement.swift */ = {isa = PBXFileReference; lastKnownFileType = sourcecode.swift; path = NodeManagement.swift; sourceTree = "<group>"; };
		65E62EB52E526E96003C6DE9 /* FlowComputation.swift */ = {isa = PBXFileReference; lastKnownFileType = sourcecode.swift; path = FlowComputation.swift; sourceTree = "<group>"; };
		65E62EB72E526EA6003C6DE9 /* SelectionandClipboard.swift */ = {isa = PBXFileReference; lastKnownFileType = sourcecode.swift; path = SelectionandClipboard.swift; sourceTree = "<group>"; };
		65E62EB92E526EB6003C6DE9 /* ManualSaveLoad.swift */ = {isa = PBXFileReference; lastKnownFileType = sourcecode.swift; path = ManualSaveLoad.swift; sourceTree = "<group>"; };
		65E62EBD2E526ECB003C6DE9 /* ImportExport.swift */ = {isa = PBXFileReference; lastKnownFileType = sourcecode.swift; path = ImportExport.swift; sourceTree = "<group>"; };
		65E62EBF2E526EDC003C6DE9 /* SelectionOverlay.swift */ = {isa = PBXFileReference; lastKnownFileType = sourcecode.swift; path = SelectionOverlay.swift; sourceTree = "<group>"; };
		65E62EC12E526EF1003C6DE9 /* SupportingTypes.swift */ = {isa = PBXFileReference; lastKnownFileType = sourcecode.swift; path = SupportingTypes.swift; sourceTree = "<group>"; };
		65E62EC32E526F02003C6DE9 /* PlannerRoot.swift */ = {isa = PBXFileReference; lastKnownFileType = sourcecode.swift; path = PlannerRoot.swift; sourceTree = "<group>"; };
		65E62EC72E526F11003C6DE9 /* TopBar.swift */ = {isa = PBXFileReference; lastKnownFileType = sourcecode.swift; path = TopBar.swift; sourceTree = "<group>"; };
		65E62EC92E526F24003C6DE9 /* CanvasView.swift */ = {isa = PBXFileReference; lastKnownFileType = sourcecode.swift; path = CanvasView.swift; sourceTree = "<group>"; };
		65E62ECB2E526F41003C6DE9 /* ScrollWheelHandler.swift */ = {isa = PBXFileReference; lastKnownFileType = sourcecode.swift; path = ScrollWheelHandler.swift; sourceTree = "<group>"; };
		65E62ECF2E526F65003C6DE9 /* SimpleMouseTracker.swift */ = {isa = PBXFileReference; lastKnownFileType = sourcecode.swift; path = SimpleMouseTracker.swift; sourceTree = "<group>"; };
		65E62ED12E526F79003C6DE9 /* NodeCardComponent.swift */ = {isa = PBXFileReference; lastKnownFileType = sourcecode.swift; path = NodeCardComponent.swift; sourceTree = "<group>"; };
		65E62ED52E526F89003C6DE9 /* MachineIconComponent.swift */ = {isa = PBXFileReference; lastKnownFileType = sourcecode.swift; path = MachineIconComponent.swift; sourceTree = "<group>"; };
		65E62ED72E526FAA003C6DE9 /* ModuleUIComponents.swift */ = {isa = PBXFileReference; lastKnownFileType = sourcecode.swift; path = ModuleUIComponents.swift; sourceTree = "<group>"; };
		65E62ED92E526FBF003C6DE9 /* ModulePickerComponent.swift */ = {isa = PBXFileReference; lastKnownFileType = sourcecode.swift; path = ModulePickerComponent.swift; sourceTree = "<group>"; };
		65E62EDD2E5275C0003C6DE9 /* Optimizer.swift */ = {isa = PBXFileReference; lastKnownFileType = sourcecode.swift; path = Optimizer.swift; sourceTree = "<group>"; };
		65E62EDF2E5275DB003C6DE9 /* StatisticsDashboardView.swift */ = {isa = PBXFileReference; lastKnownFileType = sourcecode.swift; path = StatisticsDashboardView.swift; sourceTree = "<group>"; };
		65E62EE12E5275F9003C6DE9 /* KeyboardShortcuts.swift */ = {isa = PBXFileReference; lastKnownFileType = sourcecode.swift; path = KeyboardShortcuts.swift; sourceTree = "<group>"; };
		65E62EE32E527731003C6DE9 /* NodeCard.swift */ = {isa = PBXFileReference; lastKnownFileType = sourcecode.swift; path = NodeCard.swift; sourceTree = "<group>"; };
		65E62EE52E52962D003C6DE9 /* FactorioPlannerApp.swift */ = {isa = PBXFileReference; lastKnownFileType = sourcecode.swift; path = FactorioPlannerApp.swift; sourceTree = "<group>"; };
/* End PBXFileReference section */

/* Begin PBXFileSystemSynchronizedBuildFileExceptionSet section */
		65E62E712E526B83003C6DE9 /* Exceptions for "Backups" folder in "Factorio Planner" target */ = {
			isa = PBXFileSystemSynchronizedBuildFileExceptionSet;
			membershipExceptions = (
				"MySwiftFile.?????",
				MySwiftFile.bak,
				"MySwiftFile.bak-2",
				"MySwiftFile.bak-3",
				"MySwiftFile.bak-4",
				"MySwiftFile.bak-5",
				"MySwiftFile.bak-6",
				"MySwiftFile.bak-7",
				"MySwiftFile.bak-8",
				"MySwiftFile.bak-9",
				"MySwiftFile.bak-10",
				"MySwiftFile.bak-11",
				"MySwiftFile.bak-12",
				"MySwiftFile.bak-13",
				"MySwiftFile.bak-14 (Orange)",
				"MySwiftFile.bak-15",
				"MySwiftFile.bak-16",
				"Test Stuff.notes",
			);
			target = 65CB440D2E4D44DE001233B7 /* Factorio Planner */;
		};
/* End PBXFileSystemSynchronizedBuildFileExceptionSet section */

/* Begin PBXFileSystemSynchronizedGroupBuildPhaseMembershipExceptionSet section */
		65E62E722E526B83003C6DE9 /* Exceptions for "Backups" folder in "Compile Sources" phase from "Factorio Planner" target */ = {
			isa = PBXFileSystemSynchronizedGroupBuildPhaseMembershipExceptionSet;
			buildPhase = 65CB440A2E4D44DE001233B7 /* Sources */;
			membershipExceptions = (
				"MySwiftFile.?????",
				MySwiftFile.bak,
				"MySwiftFile.bak-2",
				"MySwiftFile.bak-3",
				"MySwiftFile.bak-4",
				"MySwiftFile.bak-5",
				"MySwiftFile.bak-6",
				"MySwiftFile.bak-7",
				"MySwiftFile.bak-8",
				"MySwiftFile.bak-9",
				"MySwiftFile.bak-10",
				"MySwiftFile.bak-11",
				"MySwiftFile.bak-12",
				"MySwiftFile.bak-13",
				"MySwiftFile.bak-14 (Orange)",
				"MySwiftFile.bak-15",
				"MySwiftFile.bak-16",
				"Test Stuff.notes",
			);
		};
/* End PBXFileSystemSynchronizedGroupBuildPhaseMembershipExceptionSet section */

/* Begin PBXFileSystemSynchronizedRootGroup section */
		65CB44102E4D44DE001233B7 /* Factorio Planner */ = {
			isa = PBXFileSystemSynchronizedRootGroup;
			path = "Factorio Planner";
			sourceTree = "<group>";
		};
		65CB441F2E4D44DF001233B7 /* Factorio PlannerTests */ = {
			isa = PBXFileSystemSynchronizedRootGroup;
			path = "Factorio PlannerTests";
			sourceTree = "<group>";
		};
		65CB44292E4D44DF001233B7 /* Factorio PlannerUITests */ = {
			isa = PBXFileSystemSynchronizedRootGroup;
			path = "Factorio PlannerUITests";
			sourceTree = "<group>";
		};
		65E62E702E526B7C003C6DE9 /* Backups */ = {
			isa = PBXFileSystemSynchronizedRootGroup;
			exceptions = (
				65E62E712E526B83003C6DE9 /* Exceptions for "Backups" folder in "Factorio Planner" target */,
				65E62E722E526B83003C6DE9 /* Exceptions for "Backups" folder in "Compile Sources" phase from "Factorio Planner" target */,
			);
			path = Backups;
			sourceTree = "<group>";
		};
/* End PBXFileSystemSynchronizedRootGroup section */

/* Begin PBXFrameworksBuildPhase section */
		65CB440B2E4D44DE001233B7 /* Frameworks */ = {
			isa = PBXFrameworksBuildPhase;
			buildActionMask = 2147483647;
			files = (
			);
			runOnlyForDeploymentPostprocessing = 0;
		};
		65CB44192E4D44DF001233B7 /* Frameworks */ = {
			isa = PBXFrameworksBuildPhase;
			buildActionMask = 2147483647;
			files = (
			);
			runOnlyForDeploymentPostprocessing = 0;
		};
		65CB44232E4D44DF001233B7 /* Frameworks */ = {
			isa = PBXFrameworksBuildPhase;
			buildActionMask = 2147483647;
			files = (
			);
			runOnlyForDeploymentPostprocessing = 0;
		};
/* End PBXFrameworksBuildPhase section */

/* Begin PBXGroup section */
		65CB44052E4D44DE001233B7 = {
			isa = PBXGroup;
			children = (
				65E62E702E526B7C003C6DE9 /* Backups */,
				65CB44102E4D44DE001233B7 /* Factorio Planner */,
				65CB441F2E4D44DF001233B7 /* Factorio PlannerTests */,
				65CB44292E4D44DF001233B7 /* Factorio PlannerUITests */,
				65CB440F2E4D44DE001233B7 /* Products */,
				65E62EB12E526E77003C6DE9 /* AutoSave.swift */,
				65E62E992E526D12003C6DE9 /* AvailableModules.swift */,
				65E62EC92E526F24003C6DE9 /* CanvasView.swift */,
				65E62E6E2E526B75003C6DE9 /* Constants.swift */,
				65E62EE52E52962D003C6DE9 /* FactorioPlannerApp.swift */,
				65E62EA52E526DA9003C6DE9 /* EdgeModel.swift */,
				65E62EB52E526E96003C6DE9 /* FlowComputation.swift */,
				65E62E852E526C56003C6DE9 /* GeneralRecipePicker.swift */,
				65E62EAD2E526E68003C6DE9 /* GraphState.swift */,
				65E62EAA2E526DE8003C6DE9 /* HelperFunctions.swift */,
				65E62E9F2E526D5D003C6DE9 /* IconAssets.swift */,
				65E62E792E526C01003C6DE9 /* IconComponents.swift */,
				65E62EBD2E526ECB003C6DE9 /* ImportExport.swift */,
				65E62E752E526BAE003C6DE9 /* IntermediateProducts.swift */,
				65E62EA12E526D87003C6DE9 /* ItemMappings.swift */,
				65E62EE12E5275F9003C6DE9 /* KeyboardShortcuts.swift */,
				65E62ED52E526F89003C6DE9 /* MachineIconComponent.swift */,
				65E62E952E526CE1003C6DE9 /* MachinePreferences.swift */,
				65E62E972E526CF6003C6DE9 /* MachineTiersData.swift */,
				65E62E912E526CC7003C6DE9 /* MachineTierSystem.swift */,
				65E62EB92E526EB6003C6DE9 /* ManualSaveLoad.swift */,
				65E62ED92E526FBF003C6DE9 /* ModulePickerComponent.swift */,
				65E62E8F2E526CA9003C6DE9 /* ModuleSystem.swift */,
				65E62ED72E526FAA003C6DE9 /* ModuleUIComponents.swift */,
				65E62EE32E527731003C6DE9 /* NodeCard.swift */,
				65E62ED12E526F79003C6DE9 /* NodeCardComponent.swift */,
				65E62EB32E526E86003C6DE9 /* NodeManagement.swift */,
				65E62EA32E526D9B003C6DE9 /* NodeModel.swift */,
				65E62EDD2E5275C0003C6DE9 /* Optimizer.swift */,
				65E62EC32E526F02003C6DE9 /* PlannerRoot.swift */,
				65E62EA72E526DB4003C6DE9 /* PortKey.swift */,
				65E62E772E526BD1003C6DE9 /* PortRow.swift */,
				65E62E9B2E526D1E003C6DE9 /* RecipeModel.swift */,
				65E62E892E526C85003C6DE9 /* RecipePortPicker.swift */,
				65E62E9D2E526D44003C6DE9 /* RecipesData.swift */,
				65E62ECB2E526F41003C6DE9 /* ScrollWheelHandler.swift */,
				65E62EB72E526EA6003C6DE9 /* SelectionandClipboard.swift */,
				65E62EBF2E526EDC003C6DE9 /* SelectionOverlay.swift */,
				65E62ECF2E526F65003C6DE9 /* SimpleMouseTracker.swift */,
				65E62EDF2E5275DB003C6DE9 /* StatisticsDashboardView.swift */,
				65E62EC12E526EF1003C6DE9 /* SupportingTypes.swift */,
				65E62E7D2E526C25003C6DE9 /* Tooltip.swift */,
				65E62EC72E526F11003C6DE9 /* TopBar.swift */,
				65E62E8D2E526C96003C6DE9 /* UtilityView.swift */,
				65E62E812E526C3B003C6DE9 /* WireRendering.swift */,
			);
			sourceTree = "<group>";
		};
		65CB440F2E4D44DE001233B7 /* Products */ = {
			isa = PBXGroup;
			children = (
				65CB440E2E4D44DE001233B7 /* Factorio Planner.app */,
				65CB441C2E4D44DF001233B7 /* Factorio PlannerTests.xctest */,
				65CB44262E4D44DF001233B7 /* Factorio PlannerUITests.xctest */,
			);
			name = Products;
			sourceTree = "<group>";
		};
/* End PBXGroup section */

/* Begin PBXNativeTarget section */
		65CB440D2E4D44DE001233B7 /* Factorio Planner */ = {
			isa = PBXNativeTarget;
			buildConfigurationList = 65CB44302E4D44DF001233B7 /* Build configuration list for PBXNativeTarget "Factorio Planner" */;
			buildPhases = (
				65CB440A2E4D44DE001233B7 /* Sources */,
				65CB440B2E4D44DE001233B7 /* Frameworks */,
				65CB440C2E4D44DE001233B7 /* Resources */,
			);
			buildRules = (
			);
			dependencies = (
			);
			fileSystemSynchronizedGroups = (
				65CB44102E4D44DE001233B7 /* Factorio Planner */,
				65E62E702E526B7C003C6DE9 /* Backups */,
			);
			name = "Factorio Planner";
			packageProductDependencies = (
			);
			productName = "Factorio Planner";
			productReference = 65CB440E2E4D44DE001233B7 /* Factorio Planner.app */;
			productType = "com.apple.product-type.application";
		};
		65CB441B2E4D44DF001233B7 /* Factorio PlannerTests */ = {
			isa = PBXNativeTarget;
			buildConfigurationList = 65CB44332E4D44DF001233B7 /* Build configuration list for PBXNativeTarget "Factorio PlannerTests" */;
			buildPhases = (
				65CB44182E4D44DF001233B7 /* Sources */,
				65CB44192E4D44DF001233B7 /* Frameworks */,
				65CB441A2E4D44DF001233B7 /* Resources */,
			);
			buildRules = (
			);
			dependencies = (
				65CB441E2E4D44DF001233B7 /* PBXTargetDependency */,
			);
			fileSystemSynchronizedGroups = (
				65CB441F2E4D44DF001233B7 /* Factorio PlannerTests */,
			);
			name = "Factorio PlannerTests";
			packageProductDependencies = (
			);
			productName = "Factorio PlannerTests";
			productReference = 65CB441C2E4D44DF001233B7 /* Factorio PlannerTests.xctest */;
			productType = "com.apple.product-type.bundle.unit-test";
		};
		65CB44252E4D44DF001233B7 /* Factorio PlannerUITests */ = {
			isa = PBXNativeTarget;
			buildConfigurationList = 65CB44362E4D44DF001233B7 /* Build configuration list for PBXNativeTarget "Factorio PlannerUITests" */;
			buildPhases = (
				65CB44222E4D44DF001233B7 /* Sources */,
				65CB44232E4D44DF001233B7 /* Frameworks */,
				65CB44242E4D44DF001233B7 /* Resources */,
			);
			buildRules = (
			);
			dependencies = (
				65CB44282E4D44DF001233B7 /* PBXTargetDependency */,
			);
			fileSystemSynchronizedGroups = (
				65CB44292E4D44DF001233B7 /* Factorio PlannerUITests */,
			);
			name = "Factorio PlannerUITests";
			packageProductDependencies = (
			);
			productName = "Factorio PlannerUITests";
			productReference = 65CB44262E4D44DF001233B7 /* Factorio PlannerUITests.xctest */;
			productType = "com.apple.product-type.bundle.ui-testing";
		};
/* End PBXNativeTarget section */

/* Begin PBXProject section */
		65CB44062E4D44DE001233B7 /* Project object */ = {
			isa = PBXProject;
			attributes = {
				BuildIndependentTargetsInParallel = 1;
				LastSwiftUpdateCheck = 1640;
				LastUpgradeCheck = 1640;
				TargetAttributes = {
					65CB440D2E4D44DE001233B7 = {
						CreatedOnToolsVersion = 16.4;
						LastSwiftMigration = 1640;
					};
					65CB441B2E4D44DF001233B7 = {
						CreatedOnToolsVersion = 16.4;
						TestTargetID = 65CB440D2E4D44DE001233B7;
					};
					65CB44252E4D44DF001233B7 = {
						CreatedOnToolsVersion = 16.4;
						TestTargetID = 65CB440D2E4D44DE001233B7;
					};
				};
			};
			buildConfigurationList = 65CB44092E4D44DE001233B7 /* Build configuration list for PBXProject "Factorio Planner" */;
			developmentRegion = en;
			hasScannedForEncodings = 0;
			knownRegions = (
				en,
				Base,
			);
			mainGroup = 65CB44052E4D44DE001233B7;
			minimizedProjectReferenceProxies = 1;
			preferredProjectObjectVersion = 77;
			productRefGroup = 65CB440F2E4D44DE001233B7 /* Products */;
			projectDirPath = "";
			projectRoot = "";
			targets = (
				65CB440D2E4D44DE001233B7 /* Factorio Planner */,
				65CB441B2E4D44DF001233B7 /* Factorio PlannerTests */,
				65CB44252E4D44DF001233B7 /* Factorio PlannerUITests */,
			);
		};
/* End PBXProject section */

/* Begin PBXResourcesBuildPhase section */
		65CB440C2E4D44DE001233B7 /* Resources */ = {
			isa = PBXResourcesBuildPhase;
			buildActionMask = 2147483647;
			files = (
			);
			runOnlyForDeploymentPostprocessing = 0;
		};
		65CB441A2E4D44DF001233B7 /* Resources */ = {
			isa = PBXResourcesBuildPhase;
			buildActionMask = 2147483647;
			files = (
			);
			runOnlyForDeploymentPostprocessing = 0;
		};
		65CB44242E4D44DF001233B7 /* Resources */ = {
			isa = PBXResourcesBuildPhase;
			buildActionMask = 2147483647;
			files = (
			);
			runOnlyForDeploymentPostprocessing = 0;
		};
/* End PBXResourcesBuildPhase section */

/* Begin PBXSourcesBuildPhase section */
		65CB440A2E4D44DE001233B7 /* Sources */ = {
			isa = PBXSourcesBuildPhase;
			buildActionMask = 2147483647;
			files = (
				65E62E9C2E526D1E003C6DE9 /* RecipeModel.swift in Sources */,
				65E62E8E2E526C96003C6DE9 /* UtilityView.swift in Sources */,
				65E62E962E526CE1003C6DE9 /* MachinePreferences.swift in Sources */,
				65E62E822E526C3B003C6DE9 /* WireRendering.swift in Sources */,
				65E62EA42E526D9B003C6DE9 /* NodeModel.swift in Sources */,
				65E62E762E526BAE003C6DE9 /* IntermediateProducts.swift in Sources */,
				65E62EC82E526F11003C6DE9 /* TopBar.swift in Sources */,
				65E62EBE2E526ECB003C6DE9 /* ImportExport.swift in Sources */,
				65E62E902E526CA9003C6DE9 /* ModuleSystem.swift in Sources */,
				65E62EB22E526E77003C6DE9 /* AutoSave.swift in Sources */,
				65E62EC22E526EF1003C6DE9 /* SupportingTypes.swift in Sources */,
				65E62EAE2E526E68003C6DE9 /* GraphState.swift in Sources */,
				65E62EE22E5275F9003C6DE9 /* KeyboardShortcuts.swift in Sources */,
				65E62E982E526CF6003C6DE9 /* MachineTiersData.swift in Sources */,
				65E62E7A2E526C01003C6DE9 /* IconComponents.swift in Sources */,
				65E62EE42E527731003C6DE9 /* NodeCard.swift in Sources */,
				65E62EB42E526E86003C6DE9 /* NodeManagement.swift in Sources */,
				65E62EC02E526EDC003C6DE9 /* SelectionOverlay.swift in Sources */,
				65E62EBA2E526EB6003C6DE9 /* ManualSaveLoad.swift in Sources */,
				65E62EC42E526F02003C6DE9 /* PlannerRoot.swift in Sources */,
				65E62E922E526CC7003C6DE9 /* MachineTierSystem.swift in Sources */,
				65E62E7E2E526C25003C6DE9 /* Tooltip.swift in Sources */,
				65E62EA22E526D87003C6DE9 /* ItemMappings.swift in Sources */,
				65E62EDA2E526FBF003C6DE9 /* ModulePickerComponent.swift in Sources */,
				65E62ECC2E526F41003C6DE9 /* ScrollWheelHandler.swift in Sources */,
				65E62E8A2E526C85003C6DE9 /* RecipePortPicker.swift in Sources */,
				65E62EAB2E526DE8003C6DE9 /* HelperFunctions.swift in Sources */,
				65E62EB62E526E96003C6DE9 /* FlowComputation.swift in Sources */,
				65E62E9A2E526D12003C6DE9 /* AvailableModules.swift in Sources */,
				65E62ECA2E526F24003C6DE9 /* CanvasView.swift in Sources */,
				65E62E9E2E526D44003C6DE9 /* RecipesData.swift in Sources */,
				65E62EDE2E5275C0003C6DE9 /* Optimizer.swift in Sources */,
				65E62EA62E526DA9003C6DE9 /* EdgeModel.swift in Sources */,
				65E62E782E526BD1003C6DE9 /* PortRow.swift in Sources */,
				65E62EE02E5275DB003C6DE9 /* StatisticsDashboardView.swift in Sources */,
				65E62ED82E526FAA003C6DE9 /* ModuleUIComponents.swift in Sources */,
				65E62ED02E526F65003C6DE9 /* SimpleMouseTracker.swift in Sources */,
				65E62EE62E52962D003C6DE9 /* FactorioPlannerApp.swift in Sources */,
				65E62E862E526C56003C6DE9 /* GeneralRecipePicker.swift in Sources */,
				65E62ED22E526F79003C6DE9 /* NodeCardComponent.swift in Sources */,
				65E62E6F2E526B75003C6DE9 /* Constants.swift in Sources */,
				65E62EA02E526D5D003C6DE9 /* IconAssets.swift in Sources */,
				65E62ED62E526F89003C6DE9 /* MachineIconComponent.swift in Sources */,
				65E62EA82E526DB4003C6DE9 /* PortKey.swift in Sources */,
				65E62EB82E526EA6003C6DE9 /* SelectionandClipboard.swift in Sources */,
			);
			runOnlyForDeploymentPostprocessing = 0;
		};
		65CB44182E4D44DF001233B7 /* Sources */ = {
			isa = PBXSourcesBuildPhase;
			buildActionMask = 2147483647;
			files = (
			);
			runOnlyForDeploymentPostprocessing = 0;
		};
		65CB44222E4D44DF001233B7 /* Sources */ = {
			isa = PBXSourcesBuildPhase;
			buildActionMask = 2147483647;
			files = (
			);
			runOnlyForDeploymentPostprocessing = 0;
		};
/* End PBXSourcesBuildPhase section */

/* Begin PBXTargetDependency section */
		65CB441E2E4D44DF001233B7 /* PBXTargetDependency */ = {
			isa = PBXTargetDependency;
			target = 65CB440D2E4D44DE001233B7 /* Factorio Planner */;
			targetProxy = 65CB441D2E4D44DF001233B7 /* PBXContainerItemProxy */;
		};
		65CB44282E4D44DF001233B7 /* PBXTargetDependency */ = {
			isa = PBXTargetDependency;
			target = 65CB440D2E4D44DE001233B7 /* Factorio Planner */;
			targetProxy = 65CB44272E4D44DF001233B7 /* PBXContainerItemProxy */;
		};
/* End PBXTargetDependency section */

/* Begin XCBuildConfiguration section */
		65CB442E2E4D44DF001233B7 /* Debug */ = {
			isa = XCBuildConfiguration;
			buildSettings = {
				ALWAYS_SEARCH_USER_PATHS = NO;
				ASSETCATALOG_COMPILER_GENERATE_SWIFT_ASSET_SYMBOL_EXTENSIONS = YES;
				CLANG_ANALYZER_NONNULL = YES;
				CLANG_ANALYZER_NUMBER_OBJECT_CONVERSION = YES_AGGRESSIVE;
				CLANG_CXX_LANGUAGE_STANDARD = "gnu++20";
				CLANG_ENABLE_MODULES = YES;
				CLANG_ENABLE_OBJC_ARC = YES;
				CLANG_ENABLE_OBJC_WEAK = YES;
				CLANG_WARN_BLOCK_CAPTURE_AUTORELEASING = YES;
				CLANG_WARN_BOOL_CONVERSION = YES;
				CLANG_WARN_COMMA = YES;
				CLANG_WARN_CONSTANT_CONVERSION = YES;
				CLANG_WARN_DEPRECATED_OBJC_IMPLEMENTATIONS = YES;
				CLANG_WARN_DIRECT_OBJC_ISA_USAGE = YES_ERROR;
				CLANG_WARN_DOCUMENTATION_COMMENTS = YES;
				CLANG_WARN_EMPTY_BODY = YES;
				CLANG_WARN_ENUM_CONVERSION = YES;
				CLANG_WARN_INFINITE_RECURSION = YES;
				CLANG_WARN_INT_CONVERSION = YES;
				CLANG_WARN_NON_LITERAL_NULL_CONVERSION = YES;
				CLANG_WARN_OBJC_IMPLICIT_RETAIN_SELF = YES;
				CLANG_WARN_OBJC_LITERAL_CONVERSION = YES;
				CLANG_WARN_OBJC_ROOT_CLASS = YES_ERROR;
				CLANG_WARN_QUOTED_INCLUDE_IN_FRAMEWORK_HEADER = YES;
				CLANG_WARN_RANGE_LOOP_ANALYSIS = YES;
				CLANG_WARN_STRICT_PROTOTYPES = YES;
				CLANG_WARN_SUSPICIOUS_MOVE = YES;
				CLANG_WARN_UNGUARDED_AVAILABILITY = YES_AGGRESSIVE;
				CLANG_WARN_UNREACHABLE_CODE = YES;
				CLANG_WARN__DUPLICATE_METHOD_MATCH = YES;
				COPY_PHASE_STRIP = NO;
				DEBUG_INFORMATION_FORMAT = dwarf;
				ENABLE_STRICT_OBJC_MSGSEND = YES;
				ENABLE_TESTABILITY = YES;
				ENABLE_USER_SCRIPT_SANDBOXING = YES;
				GCC_C_LANGUAGE_STANDARD = gnu17;
				GCC_DYNAMIC_NO_PIC = NO;
				GCC_NO_COMMON_BLOCKS = YES;
				GCC_OPTIMIZATION_LEVEL = 0;
				GCC_PREPROCESSOR_DEFINITIONS = (
					"DEBUG=1",
					"$(inherited)",
				);
				GCC_WARN_64_TO_32_BIT_CONVERSION = YES;
				GCC_WARN_ABOUT_RETURN_TYPE = YES_ERROR;
				GCC_WARN_UNDECLARED_SELECTOR = YES;
				GCC_WARN_UNINITIALIZED_AUTOS = YES_AGGRESSIVE;
				GCC_WARN_UNUSED_FUNCTION = YES;
				GCC_WARN_UNUSED_VARIABLE = YES;
				LOCALIZATION_PREFERS_STRING_CATALOGS = YES;
				MACOSX_DEPLOYMENT_TARGET = 15.5;
				MTL_ENABLE_DEBUG_INFO = INCLUDE_SOURCE;
				MTL_FAST_MATH = YES;
				ONLY_ACTIVE_ARCH = YES;
				SDKROOT = macosx;
				SWIFT_ACTIVE_COMPILATION_CONDITIONS = "DEBUG $(inherited)";
				SWIFT_OPTIMIZATION_LEVEL = "-Onone";
			};
			name = Debug;
		};
		65CB442F2E4D44DF001233B7 /* Release */ = {
			isa = XCBuildConfiguration;
			buildSettings = {
				ALWAYS_SEARCH_USER_PATHS = NO;
				ASSETCATALOG_COMPILER_GENERATE_SWIFT_ASSET_SYMBOL_EXTENSIONS = YES;
				CLANG_ANALYZER_NONNULL = YES;
				CLANG_ANALYZER_NUMBER_OBJECT_CONVERSION = YES_AGGRESSIVE;
				CLANG_CXX_LANGUAGE_STANDARD = "gnu++20";
				CLANG_ENABLE_MODULES = YES;
				CLANG_ENABLE_OBJC_ARC = YES;
				CLANG_ENABLE_OBJC_WEAK = YES;
				CLANG_WARN_BLOCK_CAPTURE_AUTORELEASING = YES;
				CLANG_WARN_BOOL_CONVERSION = YES;
				CLANG_WARN_COMMA = YES;
				CLANG_WARN_CONSTANT_CONVERSION = YES;
				CLANG_WARN_DEPRECATED_OBJC_IMPLEMENTATIONS = YES;
				CLANG_WARN_DIRECT_OBJC_ISA_USAGE = YES_ERROR;
				CLANG_WARN_DOCUMENTATION_COMMENTS = YES;
				CLANG_WARN_EMPTY_BODY = YES;
				CLANG_WARN_ENUM_CONVERSION = YES;
				CLANG_WARN_INFINITE_RECURSION = YES;
				CLANG_WARN_INT_CONVERSION = YES;
				CLANG_WARN_NON_LITERAL_NULL_CONVERSION = YES;
				CLANG_WARN_OBJC_IMPLICIT_RETAIN_SELF = YES;
				CLANG_WARN_OBJC_LITERAL_CONVERSION = YES;
				CLANG_WARN_OBJC_ROOT_CLASS = YES_ERROR;
				CLANG_WARN_QUOTED_INCLUDE_IN_FRAMEWORK_HEADER = YES;
				CLANG_WARN_RANGE_LOOP_ANALYSIS = YES;
				CLANG_WARN_STRICT_PROTOTYPES = YES;
				CLANG_WARN_SUSPICIOUS_MOVE = YES;
				CLANG_WARN_UNGUARDED_AVAILABILITY = YES_AGGRESSIVE;
				CLANG_WARN_UNREACHABLE_CODE = YES;
				CLANG_WARN__DUPLICATE_METHOD_MATCH = YES;
				COPY_PHASE_STRIP = NO;
				DEBUG_INFORMATION_FORMAT = "dwarf-with-dsym";
				ENABLE_NS_ASSERTIONS = NO;
				ENABLE_STRICT_OBJC_MSGSEND = YES;
				ENABLE_USER_SCRIPT_SANDBOXING = YES;
				GCC_C_LANGUAGE_STANDARD = gnu17;
				GCC_NO_COMMON_BLOCKS = YES;
				GCC_WARN_64_TO_32_BIT_CONVERSION = YES;
				GCC_WARN_ABOUT_RETURN_TYPE = YES_ERROR;
				GCC_WARN_UNDECLARED_SELECTOR = YES;
				GCC_WARN_UNINITIALIZED_AUTOS = YES_AGGRESSIVE;
				GCC_WARN_UNUSED_FUNCTION = YES;
				GCC_WARN_UNUSED_VARIABLE = YES;
				LOCALIZATION_PREFERS_STRING_CATALOGS = YES;
				MACOSX_DEPLOYMENT_TARGET = 15.5;
				MTL_ENABLE_DEBUG_INFO = NO;
				MTL_FAST_MATH = YES;
				SDKROOT = macosx;
				SWIFT_COMPILATION_MODE = wholemodule;
			};
			name = Release;
		};
		65CB44312E4D44DF001233B7 /* Debug */ = {
			isa = XCBuildConfiguration;
			buildSettings = {
				ASSETCATALOG_COMPILER_APPICON_NAME = AppIcon;
				ASSETCATALOG_COMPILER_GLOBAL_ACCENT_COLOR_NAME = AccentColor;
				CLANG_ENABLE_MODULES = YES;
				CODE_SIGN_ENTITLEMENTS = "Factorio Planner/Factorio_Planner.entitlements";
				CODE_SIGN_STYLE = Automatic;
				COMBINE_HIDPI_IMAGES = YES;
				CURRENT_PROJECT_VERSION = 1;
				ENABLE_PREVIEWS = YES;
				GENERATE_INFOPLIST_FILE = YES;
				INFOPLIST_KEY_NSHumanReadableCopyright = "";
				LD_RUNPATH_SEARCH_PATHS = (
					"$(inherited)",
					"@executable_path/../Frameworks",
				);
				MARKETING_VERSION = 1.0;
				PRODUCT_BUNDLE_IDENTIFIER = "Factorio.Factorio-Planner";
				PRODUCT_NAME = "$(TARGET_NAME)";
				REGISTER_APP_GROUPS = YES;
				SWIFT_EMIT_LOC_STRINGS = YES;
				SWIFT_OPTIMIZATION_LEVEL = "-Onone";
				SWIFT_VERSION = 5.0;
			};
			name = Debug;
		};
		65CB44322E4D44DF001233B7 /* Release */ = {
			isa = XCBuildConfiguration;
			buildSettings = {
				ASSETCATALOG_COMPILER_APPICON_NAME = AppIcon;
				ASSETCATALOG_COMPILER_GLOBAL_ACCENT_COLOR_NAME = AccentColor;
				CLANG_ENABLE_MODULES = YES;
				CODE_SIGN_ENTITLEMENTS = "Factorio Planner/Factorio_Planner.entitlements";
				CODE_SIGN_STYLE = Automatic;
				COMBINE_HIDPI_IMAGES = YES;
				CURRENT_PROJECT_VERSION = 1;
				ENABLE_PREVIEWS = YES;
				GENERATE_INFOPLIST_FILE = YES;
				INFOPLIST_KEY_NSHumanReadableCopyright = "";
				LD_RUNPATH_SEARCH_PATHS = (
					"$(inherited)",
					"@executable_path/../Frameworks",
				);
				MARKETING_VERSION = 1.0;
				PRODUCT_BUNDLE_IDENTIFIER = "Factorio.Factorio-Planner";
				PRODUCT_NAME = "$(TARGET_NAME)";
				REGISTER_APP_GROUPS = YES;
				SWIFT_EMIT_LOC_STRINGS = YES;
				SWIFT_VERSION = 5.0;
			};
			name = Release;
		};
		65CB44342E4D44DF001233B7 /* Debug */ = {
			isa = XCBuildConfiguration;
			buildSettings = {
				BUNDLE_LOADER = "$(TEST_HOST)";
				CODE_SIGN_STYLE = Automatic;
				CURRENT_PROJECT_VERSION = 1;
				GENERATE_INFOPLIST_FILE = YES;
				MACOSX_DEPLOYMENT_TARGET = 15.5;
				MARKETING_VERSION = 1.0;
				PRODUCT_BUNDLE_IDENTIFIER = "Factorio.Factorio-PlannerTests";
				PRODUCT_NAME = "$(TARGET_NAME)";
				SWIFT_EMIT_LOC_STRINGS = NO;
				SWIFT_VERSION = 5.0;
				TEST_HOST = "$(BUILT_PRODUCTS_DIR)/Factorio Planner.app/$(BUNDLE_EXECUTABLE_FOLDER_PATH)/Factorio Planner";
			};
			name = Debug;
		};
		65CB44352E4D44DF001233B7 /* Release */ = {
			isa = XCBuildConfiguration;
			buildSettings = {
				BUNDLE_LOADER = "$(TEST_HOST)";
				CODE_SIGN_STYLE = Automatic;
				CURRENT_PROJECT_VERSION = 1;
				GENERATE_INFOPLIST_FILE = YES;
				MACOSX_DEPLOYMENT_TARGET = 15.5;
				MARKETING_VERSION = 1.0;
				PRODUCT_BUNDLE_IDENTIFIER = "Factorio.Factorio-PlannerTests";
				PRODUCT_NAME = "$(TARGET_NAME)";
				SWIFT_EMIT_LOC_STRINGS = NO;
				SWIFT_VERSION = 5.0;
				TEST_HOST = "$(BUILT_PRODUCTS_DIR)/Factorio Planner.app/$(BUNDLE_EXECUTABLE_FOLDER_PATH)/Factorio Planner";
			};
			name = Release;
		};
		65CB44372E4D44DF001233B7 /* Debug */ = {
			isa = XCBuildConfiguration;
			buildSettings = {
				CODE_SIGN_STYLE = Automatic;
				CURRENT_PROJECT_VERSION = 1;
				GENERATE_INFOPLIST_FILE = YES;
				MARKETING_VERSION = 1.0;
				PRODUCT_BUNDLE_IDENTIFIER = "Factorio.Factorio-PlannerUITests";
				PRODUCT_NAME = "$(TARGET_NAME)";
				SWIFT_EMIT_LOC_STRINGS = NO;
				SWIFT_VERSION = 5.0;
				TEST_TARGET_NAME = "Factorio Planner";
			};
			name = Debug;
		};
		65CB44382E4D44DF001233B7 /* Release */ = {
			isa = XCBuildConfiguration;
			buildSettings = {
				CODE_SIGN_STYLE = Automatic;
				CURRENT_PROJECT_VERSION = 1;
				GENERATE_INFOPLIST_FILE = YES;
				MARKETING_VERSION = 1.0;
				PRODUCT_BUNDLE_IDENTIFIER = "Factorio.Factorio-PlannerUITests";
				PRODUCT_NAME = "$(TARGET_NAME)";
				SWIFT_EMIT_LOC_STRINGS = NO;
				SWIFT_VERSION = 5.0;
				TEST_TARGET_NAME = "Factorio Planner";
			};
			name = Release;
		};
/* End XCBuildConfiguration section */

/* Begin XCConfigurationList section */
		65CB44092E4D44DE001233B7 /* Build configuration list for PBXProject "Factorio Planner" */ = {
			isa = XCConfigurationList;
			buildConfigurations = (
				65CB442E2E4D44DF001233B7 /* Debug */,
				65CB442F2E4D44DF001233B7 /* Release */,
			);
			defaultConfigurationIsVisible = 0;
			defaultConfigurationName = Release;
		};
		65CB44302E4D44DF001233B7 /* Build configuration list for PBXNativeTarget "Factorio Planner" */ = {
			isa = XCConfigurationList;
			buildConfigurations = (
				65CB44312E4D44DF001233B7 /* Debug */,
				65CB44322E4D44DF001233B7 /* Release */,
			);
			defaultConfigurationIsVisible = 0;
			defaultConfigurationName = Release;
		};
		65CB44332E4D44DF001233B7 /* Build configuration list for PBXNativeTarget "Factorio PlannerTests" */ = {
			isa = XCConfigurationList;
			buildConfigurations = (
				65CB44342E4D44DF001233B7 /* Debug */,
				65CB44352E4D44DF001233B7 /* Release */,
			);
			defaultConfigurationIsVisible = 0;
			defaultConfigurationName = Release;
		};
		65CB44362E4D44DF001233B7 /* Build configuration list for PBXNativeTarget "Factorio PlannerUITests" */ = {
			isa = XCConfigurationList;
			buildConfigurations = (
				65CB44372E4D44DF001233B7 /* Debug */,
				65CB44382E4D44DF001233B7 /* Release */,
			);
			defaultConfigurationIsVisible = 0;
			defaultConfigurationName = Release;
		};
/* End XCConfigurationList section */
	};
	rootObject = 65CB44062E4D44DE001233B7 /* Project object */;
}
